
Microsoft Visual Studio Solution File, Format Version 12.00
# Visual Studio Version 17
VisualStudioVersion = 17.5.002.0
MinimumVisualStudioVersion = 10.0.40219.1
Project("{9A19103F-16F7-4668-BE54-9A1E7A4F7556}") = "Backend", "Backend.csproj", "{528C7BA4-CCD4-4CCF-817E-0A7945D4DA51}"
EndProject
Global
	GlobalSection(SolutionConfigurationPlatforms) = preSolution
		Debug|Any CPU = Debug|Any CPU
		Release|Any CPU = Release|Any CPU
	EndGlobalSection
	GlobalSection(ProjectConfigurationPlatforms) = postSolution
		{528C7BA4-CCD4-4CCF-817E-0A7945D4DA51}.Debug|Any CPU.ActiveCfg = Debug|Any CPU
		{528C7BA4-CCD4-4CCF-817E-0A7945D4DA51}.Debug|Any CPU.Build.0 = Debug|Any CPU
		{528C7BA4-CCD4-4CCF-817E-0A7945D4DA51}.Release|Any CPU.ActiveCfg = Release|Any CPU
		{528C7BA4-CCD4-4CCF-817E-0A7945D4DA51}.Release|Any CPU.Build.0 = Release|Any CPU
	EndGlobalSection
	GlobalSection(SolutionProperties) = preSolution
		HideSolutionNode = FALSE
	EndGlobalSection
	GlobalSection(ExtensibilityGlobals) = postSolution
		SolutionGuid = {117B1EC9-2B36-4F92-94B2-25B75B11A6EA}
	EndGlobalSection
EndGlobal
